
Microsoft Visual Studio Solution File, Format Version 12.00
# Visual Studio 15
VisualStudioVersion = 15.0.28307.757
MinimumVisualStudioVersion = 10.0.40219.1
Project("{9A19103F-16F7-4668-BE54-9A1E7A4F7556}") = "MongoDBCRUD", "MongoDBCRUD\MongoDBCRUD.csproj", "{6E781140-FBB5-443C-854F-AC2483F13F34}"
EndProject
Global
	GlobalSection(SolutionConfigurationPlatforms) = preSolution
		Debug|Any CPU = Debug|Any CPU
		Release|Any CPU = Release|Any CPU
	EndGlobalSection
	GlobalSection(ProjectConfigurationPlatforms) = postSolution
		{6E781140-FBB5-443C-854F-AC2483F13F34}.Debug|Any CPU.ActiveCfg = Debug|Any CPU
		{6E781140-FBB5-443C-854F-AC2483F13F34}.Debug|Any CPU.Build.0 = Debug|Any CPU
		{6E781140-FBB5-443C-854F-AC2483F13F34}.Release|Any CPU.ActiveCfg = Release|Any CPU
		{6E781140-FBB5-443C-854F-AC2483F13F34}.Release|Any CPU.Build.0 = Release|Any CPU
	EndGlobalSection
	GlobalSection(SolutionProperties) = preSolution
		HideSolutionNode = FALSE
	EndGlobalSection
	GlobalSection(ExtensibilityGlobals) = postSolution
		SolutionGuid = {7899742A-57D9-418F-9E0E-0F003452CB6D}
	EndGlobalSection
EndGlobal
